
Microsoft Visual Studio Solution File, Format Version 11.00
# Visual Studio 2010
Project("{FAE04EC0-301F-11D3-BF4B-00C04F79EFBC}") = "Lozi-Exporter", "Lozi-Exporter.csproj", "{5368EB53-83D8-4239-9446-B7F0D390CE3B}"
EndProject
Global
	GlobalSection(SolutionConfigurationPlatforms) = preSolution
		Debug|Any CPU = Debug|Any CPU
		Release|Any CPU = Release|Any CPU
	EndGlobalSection
	GlobalSection(ProjectConfigurationPlatforms) = postSolution
		{5368EB53-83D8-4239-9446-B7F0D390CE3B}.Debug|Any CPU.ActiveCfg = Debug|Any CPU
		{5368EB53-83D8-4239-9446-B7F0D390CE3B}.Debug|Any CPU.Build.0 = Debug|Any CPU
		{5368EB53-83D8-4239-9446-B7F0D390CE3B}.Release|Any CPU.ActiveCfg = Release|Any CPU
		{5368EB53-83D8-4239-9446-B7F0D390CE3B}.Release|Any CPU.Build.0 = Release|Any CPU
	EndGlobalSection
	GlobalSection(MonoDevelopProperties) = preSolution
		StartupItem = Lozi-Exporter.csproj
	EndGlobalSection
EndGlobal
